
Microsoft Visual Studio Solution File, Format Version 12.00
# Visual Studio Version 17
VisualStudioVersion = 17.10.35013.160
MinimumVisualStudioVersion = 10.0.40219.1
Project("{2150E333-8FDC-42A3-9474-1A3956D46DE8}") = "API", "API", "{B917E2EF-50F7-4B39-B690-060667E0DC80}"
EndProject
Project("{2150E333-8FDC-42A3-9474-1A3956D46DE8}") = "Core", "Core", "{BF0B2A0D-4BA7-49F9-B3E7-8F8FD53F53D4}"
EndProject
Project("{2150E333-8FDC-42A3-9474-1A3956D46DE8}") = "Infrastructure", "Infrastructure", "{347BC757-2583-4DE7-85B5-ACF419823350}"
EndProject
Project("{FAE04EC0-301F-11D3-BF4B-00C04F79EFBC}") = "Pandabize.Store.Domain", "Pandabize.Store.Domain\Pandabize.Store.Domain.csproj", "{9F0760B8-1EF9-407C-A406-4809B4DE7217}"
EndProject
Project("{FAE04EC0-301F-11D3-BF4B-00C04F79EFBC}") = "Pandabize.Store.Application", "Pandabize.Store.Application\Pandabize.Store.Application.csproj", "{10EAD097-D602-4D57-8DFC-48FC8F32FAD4}"
EndProject
Global
	GlobalSection(SolutionConfigurationPlatforms) = preSolution
		Debug|Any CPU = Debug|Any CPU
		Release|Any CPU = Release|Any CPU
	EndGlobalSection
	GlobalSection(ProjectConfigurationPlatforms) = postSolution
		{9F0760B8-1EF9-407C-A406-4809B4DE7217}.Debug|Any CPU.ActiveCfg = Debug|Any CPU
		{9F0760B8-1EF9-407C-A406-4809B4DE7217}.Debug|Any CPU.Build.0 = Debug|Any CPU
		{9F0760B8-1EF9-407C-A406-4809B4DE7217}.Release|Any CPU.ActiveCfg = Release|Any CPU
		{9F0760B8-1EF9-407C-A406-4809B4DE7217}.Release|Any CPU.Build.0 = Release|Any CPU
		{10EAD097-D602-4D57-8DFC-48FC8F32FAD4}.Debug|Any CPU.ActiveCfg = Debug|Any CPU
		{10EAD097-D602-4D57-8DFC-48FC8F32FAD4}.Debug|Any CPU.Build.0 = Debug|Any CPU
		{10EAD097-D602-4D57-8DFC-48FC8F32FAD4}.Release|Any CPU.ActiveCfg = Release|Any CPU
		{10EAD097-D602-4D57-8DFC-48FC8F32FAD4}.Release|Any CPU.Build.0 = Release|Any CPU
	EndGlobalSection
	GlobalSection(SolutionProperties) = preSolution
		HideSolutionNode = FALSE
	EndGlobalSection
	GlobalSection(NestedProjects) = preSolution
		{9F0760B8-1EF9-407C-A406-4809B4DE7217} = {BF0B2A0D-4BA7-49F9-B3E7-8F8FD53F53D4}
		{10EAD097-D602-4D57-8DFC-48FC8F32FAD4} = {BF0B2A0D-4BA7-49F9-B3E7-8F8FD53F53D4}
	EndGlobalSection
	GlobalSection(ExtensibilityGlobals) = postSolution
		SolutionGuid = {0AB4E4E6-FB6E-4BCD-AC6D-C6582DB0C81E}
	EndGlobalSection
EndGlobal
